
Microsoft Visual Studio Solution File, Format Version 12.00
# Visual Studio Version 17
VisualStudioVersion = 17.2.32630.192
MinimumVisualStudioVersion = 10.0.40219.1
Project("{FAE04EC0-301F-11D3-BF4B-00C04F79EFBC}") = "ZooTycoon.NET", "ZooTycoon.NET\ZooTycoon.NET.csproj", "{D2EF4707-A5F7-4206-9C31-4D75BEBB92CE}"
EndProject
Global
	GlobalSection(SolutionConfigurationPlatforms) = preSolution
		Debug|Any CPU = Debug|Any CPU
		Release|Any CPU = Release|Any CPU
	EndGlobalSection
	GlobalSection(ProjectConfigurationPlatforms) = postSolution
		{D2EF4707-A5F7-4206-9C31-4D75BEBB92CE}.Debug|Any CPU.ActiveCfg = Debug|Any CPU
		{D2EF4707-A5F7-4206-9C31-4D75BEBB92CE}.Debug|Any CPU.Build.0 = Debug|Any CPU
		{D2EF4707-A5F7-4206-9C31-4D75BEBB92CE}.Release|Any CPU.ActiveCfg = Release|Any CPU
		{D2EF4707-A5F7-4206-9C31-4D75BEBB92CE}.Release|Any CPU.Build.0 = Release|Any CPU
	EndGlobalSection
	GlobalSection(SolutionProperties) = preSolution
		HideSolutionNode = FALSE
	EndGlobalSection
	GlobalSection(ExtensibilityGlobals) = postSolution
		SolutionGuid = {26C9A750-67D3-4923-80CF-828B47B49C24}
	EndGlobalSection
EndGlobal
